
Microsoft Visual Studio Solution File, Format Version 12.00
Project("{2150E333-8FDC-42A3-9474-1A3956D46DE8}") = "src", "src", "{FF71F5B6-E1B9-49EF-8855-BA51E614E401}"
EndProject
Project("{FAE04EC0-301F-11D3-BF4B-00C04F79EFBC}") = "Retvain.Assistant.Application", "src\Retvain.Assistant.Application\Retvain.Assistant.Application.csproj", "{37F8A371-549D-4A11-9CAD-911C3E35C03F}"
EndProject
Project("{FAE04EC0-301F-11D3-BF4B-00C04F79EFBC}") = "Retvain.Assistant.Host", "src\Retvain.Assistant.Host\Retvain.Assistant.Host.csproj", "{58AAFF6B-42EC-4F74-B5A7-F6D8E60B24F9}"
EndProject
Project("{FAE04EC0-301F-11D3-BF4B-00C04F79EFBC}") = "Retvain.Assistant.Domain", "src\Retvain.Assistant.Domain\Retvain.Assistant.Domain.csproj", "{74A2F27C-6F5E-41D8-89FE-8CF77BAF67BB}"
EndProject
Project("{FAE04EC0-301F-11D3-BF4B-00C04F79EFBC}") = "Retvain.Assistant.Domain.Primitives", "src\Retvain.Assistant.Domain.Primitives\Retvain.Assistant.Domain.Primitives.csproj", "{3427003D-06C8-4275-B194-D6D929F29EAE}"
EndProject
Project("{FAE04EC0-301F-11D3-BF4B-00C04F79EFBC}") = "Retvain.Assistant.Repository", "src\Retvain.Assistant.Repository\Retvain.Assistant.Repository.csproj", "{1A5EAEF4-FF25-433F-A8B4-753193A3D6F0}"
EndProject
Global
	GlobalSection(SolutionConfigurationPlatforms) = preSolution
		Debug|Any CPU = Debug|Any CPU
		Release|Any CPU = Release|Any CPU
	EndGlobalSection
	GlobalSection(ProjectConfigurationPlatforms) = postSolution
		{37F8A371-549D-4A11-9CAD-911C3E35C03F}.Debug|Any CPU.ActiveCfg = Debug|Any CPU
		{37F8A371-549D-4A11-9CAD-911C3E35C03F}.Debug|Any CPU.Build.0 = Debug|Any CPU
		{37F8A371-549D-4A11-9CAD-911C3E35C03F}.Release|Any CPU.ActiveCfg = Release|Any CPU
		{37F8A371-549D-4A11-9CAD-911C3E35C03F}.Release|Any CPU.Build.0 = Release|Any CPU
		{58AAFF6B-42EC-4F74-B5A7-F6D8E60B24F9}.Debug|Any CPU.ActiveCfg = Debug|Any CPU
		{58AAFF6B-42EC-4F74-B5A7-F6D8E60B24F9}.Debug|Any CPU.Build.0 = Debug|Any CPU
		{58AAFF6B-42EC-4F74-B5A7-F6D8E60B24F9}.Release|Any CPU.ActiveCfg = Release|Any CPU
		{58AAFF6B-42EC-4F74-B5A7-F6D8E60B24F9}.Release|Any CPU.Build.0 = Release|Any CPU
		{74A2F27C-6F5E-41D8-89FE-8CF77BAF67BB}.Debug|Any CPU.ActiveCfg = Debug|Any CPU
		{74A2F27C-6F5E-41D8-89FE-8CF77BAF67BB}.Debug|Any CPU.Build.0 = Debug|Any CPU
		{74A2F27C-6F5E-41D8-89FE-8CF77BAF67BB}.Release|Any CPU.ActiveCfg = Release|Any CPU
		{74A2F27C-6F5E-41D8-89FE-8CF77BAF67BB}.Release|Any CPU.Build.0 = Release|Any CPU
		{3427003D-06C8-4275-B194-D6D929F29EAE}.Debug|Any CPU.ActiveCfg = Debug|Any CPU
		{3427003D-06C8-4275-B194-D6D929F29EAE}.Debug|Any CPU.Build.0 = Debug|Any CPU
		{3427003D-06C8-4275-B194-D6D929F29EAE}.Release|Any CPU.ActiveCfg = Release|Any CPU
		{3427003D-06C8-4275-B194-D6D929F29EAE}.Release|Any CPU.Build.0 = Release|Any CPU
		{1A5EAEF4-FF25-433F-A8B4-753193A3D6F0}.Debug|Any CPU.ActiveCfg = Debug|Any CPU
		{1A5EAEF4-FF25-433F-A8B4-753193A3D6F0}.Debug|Any CPU.Build.0 = Debug|Any CPU
		{1A5EAEF4-FF25-433F-A8B4-753193A3D6F0}.Release|Any CPU.ActiveCfg = Release|Any CPU
		{1A5EAEF4-FF25-433F-A8B4-753193A3D6F0}.Release|Any CPU.Build.0 = Release|Any CPU
	EndGlobalSection
	GlobalSection(NestedProjects) = preSolution
		{37F8A371-549D-4A11-9CAD-911C3E35C03F} = {FF71F5B6-E1B9-49EF-8855-BA51E614E401}
	EndGlobalSection
EndGlobal
