
Microsoft Visual Studio Solution File, Format Version 12.00
Project("{2150E333-8FDC-42A3-9474-1A3956D46DE8}") = "src", "src", "{FF71F5B6-E1B9-49EF-8855-BA51E614E401}"
EndProject
Project("{FAE04EC0-301F-11D3-BF4B-00C04F79EFBC}") = "Retvain.Assistent.Application", "src\Retvain.Assistent.Application\Retvain.Assistent.Application.csproj", "{37F8A371-549D-4A11-9CAD-911C3E35C03F}"
EndProject
Project("{FAE04EC0-301F-11D3-BF4B-00C04F79EFBC}") = "Retvain.Assistent.Host", "src\Retvain.Assistent.Host\Retvain.Assistent.Host.csproj", "{58AAFF6B-42EC-4F74-B5A7-F6D8E60B24F9}"
EndProject
Global
	GlobalSection(SolutionConfigurationPlatforms) = preSolution
		Debug|Any CPU = Debug|Any CPU
		Release|Any CPU = Release|Any CPU
	EndGlobalSection
	GlobalSection(ProjectConfigurationPlatforms) = postSolution
		{37F8A371-549D-4A11-9CAD-911C3E35C03F}.Debug|Any CPU.ActiveCfg = Debug|Any CPU
		{37F8A371-549D-4A11-9CAD-911C3E35C03F}.Debug|Any CPU.Build.0 = Debug|Any CPU
		{37F8A371-549D-4A11-9CAD-911C3E35C03F}.Release|Any CPU.ActiveCfg = Release|Any CPU
		{37F8A371-549D-4A11-9CAD-911C3E35C03F}.Release|Any CPU.Build.0 = Release|Any CPU
		{58AAFF6B-42EC-4F74-B5A7-F6D8E60B24F9}.Debug|Any CPU.ActiveCfg = Debug|Any CPU
		{58AAFF6B-42EC-4F74-B5A7-F6D8E60B24F9}.Debug|Any CPU.Build.0 = Debug|Any CPU
		{58AAFF6B-42EC-4F74-B5A7-F6D8E60B24F9}.Release|Any CPU.ActiveCfg = Release|Any CPU
		{58AAFF6B-42EC-4F74-B5A7-F6D8E60B24F9}.Release|Any CPU.Build.0 = Release|Any CPU
	EndGlobalSection
	GlobalSection(NestedProjects) = preSolution
		{37F8A371-549D-4A11-9CAD-911C3E35C03F} = {FF71F5B6-E1B9-49EF-8855-BA51E614E401}
	EndGlobalSection
EndGlobal
